Microsoft Visual Studio Solution File, Format Version 12.00
# Visual Studio Version 17
VisualStudioVersion = 17.2.32519.379
MinimumVisualStudioVersion = 10.0.40219.1
Project("{9A19103F-16F7-4668-BE54-9A1E7A4F7556}") = "TReactor", "TReactor\TReactor.csproj", "{1EC4AF01-6A32-4139-837E-62F544A05414}"
EndProject
Global
	GlobalSection(SolutionConfigurationPlatforms) = preSolution
		Debug|Any CPU = Debug|Any CPU
		Release|Any CPU = Release|Any CPU
	EndGlobalSection
	GlobalSection(ProjectConfigurationPlatforms) = postSolution
		{1EC4AF01-6A32-4139-837E-62F544A05414}.Debug|Any CPU.ActiveCfg = Debug|Any CPU
		{1EC4AF01-6A32-4139-837E-62F544A05414}.Debug|Any CPU.Build.0 = Debug|Any CPU
		{1EC4AF01-6A32-4139-837E-62F544A05414}.Release|Any CPU.ActiveCfg = Release|Any CPU
		{1EC4AF01-6A32-4139-837E-62F544A05414}.Release|Any CPU.Build.0 = Release|Any CPU
	EndGlobalSection
	GlobalSection(SolutionProperties) = preSolution
		HideSolutionNode = FALSE
	EndGlobalSection
	GlobalSection(ExtensibilityGlobals) = postSolution
		SolutionGuid = {732a1aa4-5f8a-49d7-8313-218cb2206fa7}
	EndGlobalSection
EndGlobal
